{
  "name": "@sasjs/adventureworks",
  "version": "1.0.0",
  "lockfileVersion": 2,
  "requires": true,
  "packages": {
    "": {
      "name": "@sasjs/adventureworks",
      "version": "1.0.0",
      "license": "ISC",
      "dependencies": {
        "@sasjs/core": "^2.48.0"
      }
    },
    "node_modules/@sasjs/core": {
      "version": "2.48.0",
      "resolved": "https://registry.npmjs.org/@sasjs/core/-/core-2.48.0.tgz",
      "integrity": "sha512-Kb3SqU5YVtbzc+hdttm7FdFuvbuifWF5v15j6JPoHN1Sxt4v6r9RvlzC37cdDKBhieqUQoFKGfoXM0ZweJj+Zg=="
    }
  },
  "dependencies": {
    "@sasjs/core": {
      "version": "2.48.0",
      "resolved": "https://registry.npmjs.org/@sasjs/core/-/core-2.48.0.tgz",
      "integrity": "sha512-Kb3SqU5YVtbzc+hdttm7FdFuvbuifWF5v15j6JPoHN1Sxt4v6r9RvlzC37cdDKBhieqUQoFKGfoXM0ZweJj+Zg=="
    }
  }
}
